
Microsoft Visual Studio Solution File, Format Version 12.00
# Visual Studio Version 17
VisualStudioVersion = 17.4.33205.214
MinimumVisualStudioVersion = 10.0.40219.1
Project("{9A19103F-16F7-4668-BE54-9A1E7A4F7556}") = "WpfMvvmToolkit", "WpfMvvmToolkit\WpfMvvmToolkit.csproj", "{EF9064F1-B447-48B8-9A8A-2BD2BF265EDC}"
EndProject
Project("{9A19103F-16F7-4668-BE54-9A1E7A4F7556}") = "WpfMvvmToolkit.Ninject", "WpfMvvmToolkit.Ninject\WpfMvvmToolkit.Ninject.csproj", "{C29BAEE4-B5C2-4139-9334-403BEF36EE33}"
EndProject
Project("{9A19103F-16F7-4668-BE54-9A1E7A4F7556}") = "WpfMvvmToolkit.Serilog", "WpfMvvmToolkit.Serilog\WpfMvvmToolkit.Serilog.csproj", "{82B2A0AC-046A-47D7-B13E-1C9E2666D397}"
EndProject
Project("{FAE04EC0-301F-11D3-BF4B-00C04F79EFBC}") = "UnitTests", "UnitTests\UnitTests.csproj", "{0AC370B6-25D7-4204-8A34-C6800E62AC5D}"
EndProject
Global
	GlobalSection(SolutionConfigurationPlatforms) = preSolution
		Debug|Any CPU = Debug|Any CPU
		Release|Any CPU = Release|Any CPU
	EndGlobalSection
	GlobalSection(ProjectConfigurationPlatforms) = postSolution
		{EF9064F1-B447-48B8-9A8A-2BD2BF265EDC}.Debug|Any CPU.ActiveCfg = Debug|Any CPU
		{EF9064F1-B447-48B8-9A8A-2BD2BF265EDC}.Debug|Any CPU.Build.0 = Debug|Any CPU
		{EF9064F1-B447-48B8-9A8A-2BD2BF265EDC}.Release|Any CPU.ActiveCfg = Release|Any CPU
		{EF9064F1-B447-48B8-9A8A-2BD2BF265EDC}.Release|Any CPU.Build.0 = Release|Any CPU
		{C29BAEE4-B5C2-4139-9334-403BEF36EE33}.Debug|Any CPU.ActiveCfg = Debug|Any CPU
		{C29BAEE4-B5C2-4139-9334-403BEF36EE33}.Debug|Any CPU.Build.0 = Debug|Any CPU
		{C29BAEE4-B5C2-4139-9334-403BEF36EE33}.Release|Any CPU.ActiveCfg = Release|Any CPU
		{C29BAEE4-B5C2-4139-9334-403BEF36EE33}.Release|Any CPU.Build.0 = Release|Any CPU
		{82B2A0AC-046A-47D7-B13E-1C9E2666D397}.Debug|Any CPU.ActiveCfg = Debug|Any CPU
		{82B2A0AC-046A-47D7-B13E-1C9E2666D397}.Debug|Any CPU.Build.0 = Debug|Any CPU
		{82B2A0AC-046A-47D7-B13E-1C9E2666D397}.Release|Any CPU.ActiveCfg = Release|Any CPU
		{82B2A0AC-046A-47D7-B13E-1C9E2666D397}.Release|Any CPU.Build.0 = Release|Any CPU
		{0AC370B6-25D7-4204-8A34-C6800E62AC5D}.Debug|Any CPU.ActiveCfg = Debug|Any CPU
		{0AC370B6-25D7-4204-8A34-C6800E62AC5D}.Debug|Any CPU.Build.0 = Debug|Any CPU
		{0AC370B6-25D7-4204-8A34-C6800E62AC5D}.Release|Any CPU.ActiveCfg = Release|Any CPU
		{0AC370B6-25D7-4204-8A34-C6800E62AC5D}.Release|Any CPU.Build.0 = Release|Any CPU
	EndGlobalSection
	GlobalSection(SolutionProperties) = preSolution
		HideSolutionNode = FALSE
	EndGlobalSection
	GlobalSection(ExtensibilityGlobals) = postSolution
		SolutionGuid = {6582207B-3462-47DC-8B69-455743307E71}
	EndGlobalSection
EndGlobal
